// !$*UTF8*$!
{
	archiveVersion = 1;
	classes = {
	};
	objectVersion = 55;
	objects = {

/* Begin PBXBuildFile section */
		921F0D9E27B19FD600943EF1 /* KeychainWrapper.swift in Sources */ = {isa = PBXBuildFile; fileRef = 921F0D9D27B19FD600943EF1 /* KeychainWrapper.swift */; };
		921F0DA127B2685200943EF1 /* DashboardViewController.swift in Sources */ = {isa = PBXBuildFile; fileRef = 921F0DA027B2685200943EF1 /* DashboardViewController.swift */; };
		921F0DA327B2688100943EF1 /* DashboardViewModel.swift in Sources */ = {isa = PBXBuildFile; fileRef = 921F0DA227B2688100943EF1 /* DashboardViewModel.swift */; };
		921F0DAA27B291A200943EF1 /* DashboardCell.xib in Resources */ = {isa = PBXBuildFile; fileRef = 921F0DA927B291A200943EF1 /* DashboardCell.xib */; };
		921F0DAC27B2DACF00943EF1 /* DashboardCell.swift in Sources */ = {isa = PBXBuildFile; fileRef = 921F0DAB27B2DACF00943EF1 /* DashboardCell.swift */; };
		921F0DAE27B3BE3700943EF1 /* LoginViewControllerTests.swift in Sources */ = {isa = PBXBuildFile; fileRef = 921F0DAD27B3BE3700943EF1 /* LoginViewControllerTests.swift */; };
		921F0DB127B3EDAE00943EF1 /* RegistrationViewControllerTests.swift in Sources */ = {isa = PBXBuildFile; fileRef = 921F0DB027B3EDAE00943EF1 /* RegistrationViewControllerTests.swift */; };
		921F0DB327B3F77600943EF1 /* TransferViewControllerTests.swift in Sources */ = {isa = PBXBuildFile; fileRef = 921F0DB227B3F77600943EF1 /* TransferViewControllerTests.swift */; };
		921F0DB527B4D2EF00943EF1 /* DashboardViewControllerTests.swift in Sources */ = {isa = PBXBuildFile; fileRef = 921F0DB427B4D2EF00943EF1 /* DashboardViewControllerTests.swift */; };
		921F0DB727B4E76300943EF1 /* DashboardCellTests.swift in Sources */ = {isa = PBXBuildFile; fileRef = 921F0DB627B4E76300943EF1 /* DashboardCellTests.swift */; };
		921F0DB927B4EA6800943EF1 /* UITextFieldExtensionTests.swift in Sources */ = {isa = PBXBuildFile; fileRef = 921F0DB827B4EA6800943EF1 /* UITextFieldExtensionTests.swift */; };
		92F59CAC27B17D84008E06A6 /* TransferViewController.swift in Sources */ = {isa = PBXBuildFile; fileRef = 92F59CAB27B17D84008E06A6 /* TransferViewController.swift */; };
		92F59CAE27B18280008E06A6 /* UITextFieldExtension.swift in Sources */ = {isa = PBXBuildFile; fileRef = 92F59CAD27B18280008E06A6 /* UITextFieldExtension.swift */; };
		92F59CB027B18885008E06A6 /* TransferViewModel.swift in Sources */ = {isa = PBXBuildFile; fileRef = 92F59CAF27B18885008E06A6 /* TransferViewModel.swift */; };
		92F9043F27AEB43A00FEA979 /* AppDelegate.swift in Sources */ = {isa = PBXBuildFile; fileRef = 92F9043E27AEB43A00FEA979 /* AppDelegate.swift */; };
		92F9044127AEB43A00FEA979 /* SceneDelegate.swift in Sources */ = {isa = PBXBuildFile; fileRef = 92F9044027AEB43A00FEA979 /* SceneDelegate.swift */; };
		92F9044627AEB43A00FEA979 /* Main.storyboard in Resources */ = {isa = PBXBuildFile; fileRef = 92F9044427AEB43A00FEA979 /* Main.storyboard */; };
		92F9044827AEB43C00FEA979 /* Assets.xcassets in Resources */ = {isa = PBXBuildFile; fileRef = 92F9044727AEB43C00FEA979 /* Assets.xcassets */; };
		92F9044B27AEB43C00FEA979 /* LaunchScreen.storyboard in Resources */ = {isa = PBXBuildFile; fileRef = 92F9044927AEB43C00FEA979 /* LaunchScreen.storyboard */; };
		92F9045627AEB43C00FEA979 /* AssignmentTagTests.swift in Sources */ = {isa = PBXBuildFile; fileRef = 92F9045527AEB43C00FEA979 /* AssignmentTagTests.swift */; };
		92F9046027AEB43C00FEA979 /* AssignmentTagUITests.swift in Sources */ = {isa = PBXBuildFile; fileRef = 92F9045F27AEB43C00FEA979 /* AssignmentTagUITests.swift */; };
		92F9046227AEB43C00FEA979 /* AssignmentTagUITestsLaunchTests.swift in Sources */ = {isa = PBXBuildFile; fileRef = 92F9046127AEB43C00FEA979 /* AssignmentTagUITestsLaunchTests.swift */; };
		92F9047627AEBC0E00FEA979 /* UIButtonExtention.swift in Sources */ = {isa = PBXBuildFile; fileRef = 92F9047527AEBC0E00FEA979 /* UIButtonExtention.swift */; };
		92F9047827AEBD7200FEA979 /* LoadingView.swift in Sources */ = {isa = PBXBuildFile; fileRef = 92F9047727AEBD7200FEA979 /* LoadingView.swift */; };
		92F9047B27AFB3A700FEA979 /* LoginViewModel.swift in Sources */ = {isa = PBXBuildFile; fileRef = 92F9047A27AFB3A700FEA979 /* LoginViewModel.swift */; };
		92F9047F27AFBFB800FEA979 /* LoginViewController.swift in Sources */ = {isa = PBXBuildFile; fileRef = 92F9047E27AFBFB800FEA979 /* LoginViewController.swift */; };
		92F9048527AFC0D200FEA979 /* CustomTextField.xib in Resources */ = {isa = PBXBuildFile; fileRef = 92F9048427AFC0D200FEA979 /* CustomTextField.xib */; };
		92F9048727AFC11F00FEA979 /* CustomTextField.swift in Sources */ = {isa = PBXBuildFile; fileRef = 92F9048627AFC11F00FEA979 /* CustomTextField.swift */; };
		92F9048927AFC1A900FEA979 /* Constants.swift in Sources */ = {isa = PBXBuildFile; fileRef = 92F9048827AFC1A900FEA979 /* Constants.swift */; };
		92F9048C27B00E0600FEA979 /* RegistrationViewController.swift in Sources */ = {isa = PBXBuildFile; fileRef = 92F9048B27B00E0600FEA979 /* RegistrationViewController.swift */; };
		92F9049027B0D2F800FEA979 /* RegistrationViewModel.swift in Sources */ = {isa = PBXBuildFile; fileRef = 92F9048F27B0D2F800FEA979 /* RegistrationViewModel.swift */; };
		92F9049227B0E6CF00FEA979 /* Envirnment.swift in Sources */ = {isa = PBXBuildFile; fileRef = 92F9049127B0E6CF00FEA979 /* Envirnment.swift */; };
		92F9049827B1000100FEA979 /* APIManager.swift in Sources */ = {isa = PBXBuildFile; fileRef = 92F9049727B1000100FEA979 /* APIManager.swift */; };
		92F9049B27B1008800FEA979 /* NetworkManager.swift in Sources */ = {isa = PBXBuildFile; fileRef = 92F9049A27B1008800FEA979 /* NetworkManager.swift */; };
		92F9049E27B100E300FEA979 /* EndPoints.swift in Sources */ = {isa = PBXBuildFile; fileRef = 92F9049D27B100E300FEA979 /* EndPoints.swift */; };
		92F904A127B1012A00FEA979 /* APIResponse.swift in Sources */ = {isa = PBXBuildFile; fileRef = 92F904A027B1012A00FEA979 /* APIResponse.swift */; };
		92F904A427B1015A00FEA979 /* HTTPTask.swift in Sources */ = {isa = PBXBuildFile; fileRef = 92F904A327B1015A00FEA979 /* HTTPTask.swift */; };
		92F904A627B1017E00FEA979 /* HTTPMethod.swift in Sources */ = {isa = PBXBuildFile; fileRef = 92F904A527B1017E00FEA979 /* HTTPMethod.swift */; };
		92F904A827B101B100FEA979 /* EndPointType.swift in Sources */ = {isa = PBXBuildFile; fileRef = 92F904A727B101B100FEA979 /* EndPointType.swift */; };
		92F904AA27B1021200FEA979 /* ErrorViewModel.swift in Sources */ = {isa = PBXBuildFile; fileRef = 92F904A927B1021200FEA979 /* ErrorViewModel.swift */; };
		92F904AC27B1025400FEA979 /* Strings.swift in Sources */ = {isa = PBXBuildFile; fileRef = 92F904AB27B1025400FEA979 /* Strings.swift */; };
/* End PBXBuildFile section */

/* Begin PBXContainerItemProxy section */
		92F9045227AEB43C00FEA979 /* PBXContainerItemProxy */ = {
			isa = PBXContainerItemProxy;
			containerPortal = 92F9043327AEB43A00FEA979 /* Project object */;
			proxyType = 1;
			remoteGlobalIDString = 92F9043A27AEB43A00FEA979;
			remoteInfo = AssignmentTag;
		};
		92F9045C27AEB43C00FEA979 /* PBXContainerItemProxy */ = {
			isa = PBXContainerItemProxy;
			containerPortal = 92F9043327AEB43A00FEA979 /* Project object */;
			proxyType = 1;
			remoteGlobalIDString = 92F9043A27AEB43A00FEA979;
			remoteInfo = AssignmentTag;
		};
/* End PBXContainerItemProxy section */

/* Begin PBXFileReference section */
		921F0D9D27B19FD600943EF1 /* KeychainWrapper.swift */ = {isa = PBXFileReference; lastKnownFileType = sourcecode.swift; path = KeychainWrapper.swift; sourceTree = "<group>"; };
		921F0DA027B2685200943EF1 /* DashboardViewController.swift */ = {isa = PBXFileReference; lastKnownFileType = sourcecode.swift; path = DashboardViewController.swift; sourceTree = "<group>"; };
		921F0DA227B2688100943EF1 /* DashboardViewModel.swift */ = {isa = PBXFileReference; lastKnownFileType = sourcecode.swift; path = DashboardViewModel.swift; sourceTree = "<group>"; };
		921F0DA927B291A200943EF1 /* DashboardCell.xib */ = {isa = PBXFileReference; fileEncoding = 4; lastKnownFileType = file.xib; path = DashboardCell.xib; sourceTree = "<group>"; };
		921F0DAB27B2DACF00943EF1 /* DashboardCell.swift */ = {isa = PBXFileReference; lastKnownFileType = sourcecode.swift; path = DashboardCell.swift; sourceTree = "<group>"; };
		921F0DAD27B3BE3700943EF1 /* LoginViewControllerTests.swift */ = {isa = PBXFileReference; lastKnownFileType = sourcecode.swift; path = LoginViewControllerTests.swift; sourceTree = "<group>"; };
		921F0DB027B3EDAE00943EF1 /* RegistrationViewControllerTests.swift */ = {isa = PBXFileReference; lastKnownFileType = sourcecode.swift; path = RegistrationViewControllerTests.swift; sourceTree = "<group>"; };
		921F0DB227B3F77600943EF1 /* TransferViewControllerTests.swift */ = {isa = PBXFileReference; lastKnownFileType = sourcecode.swift; path = TransferViewControllerTests.swift; sourceTree = "<group>"; };
		921F0DB427B4D2EF00943EF1 /* DashboardViewControllerTests.swift */ = {isa = PBXFileReference; lastKnownFileType = sourcecode.swift; path = DashboardViewControllerTests.swift; sourceTree = "<group>"; };
		921F0DB627B4E76300943EF1 /* DashboardCellTests.swift */ = {isa = PBXFileReference; lastKnownFileType = sourcecode.swift; path = DashboardCellTests.swift; sourceTree = "<group>"; };
		921F0DB827B4EA6800943EF1 /* UITextFieldExtensionTests.swift */ = {isa = PBXFileReference; lastKnownFileType = sourcecode.swift; path = UITextFieldExtensionTests.swift; sourceTree = "<group>"; };
		929D438027B198A100648819 /* SwiftKeychainWrapper.framework */ = {isa = PBXFileReference; explicitFileType = wrapper.framework; path = SwiftKeychainWrapper.framework; sourceTree = BUILT_PRODUCTS_DIR; };
		92F59CAB27B17D84008E06A6 /* TransferViewController.swift */ = {isa = PBXFileReference; lastKnownFileType = sourcecode.swift; path = TransferViewController.swift; sourceTree = "<group>"; };
		92F59CAD27B18280008E06A6 /* UITextFieldExtension.swift */ = {isa = PBXFileReference; lastKnownFileType = sourcecode.swift; path = UITextFieldExtension.swift; sourceTree = "<group>"; };
		92F59CAF27B18885008E06A6 /* TransferViewModel.swift */ = {isa = PBXFileReference; lastKnownFileType = sourcecode.swift; path = TransferViewModel.swift; sourceTree = "<group>"; };
		92F9043B27AEB43A00FEA979 /* AssignmentTag.app */ = {isa = PBXFileReference; explicitFileType = wrapper.application; includeInIndex = 0; path = AssignmentTag.app; sourceTree = BUILT_PRODUCTS_DIR; };
		92F9043E27AEB43A00FEA979 /* AppDelegate.swift */ = {isa = PBXFileReference; lastKnownFileType = sourcecode.swift; path = AppDelegate.swift; sourceTree = "<group>"; };
		92F9044027AEB43A00FEA979 /* SceneDelegate.swift */ = {isa = PBXFileReference; lastKnownFileType = sourcecode.swift; path = SceneDelegate.swift; sourceTree = "<group>"; };
		92F9044527AEB43A00FEA979 /* Base */ = {isa = PBXFileReference; lastKnownFileType = file.storyboard; name = Base; path = Base.lproj/Main.storyboard; sourceTree = "<group>"; };
		92F9044727AEB43C00FEA979 /* Assets.xcassets */ = {isa = PBXFileReference; lastKnownFileType = folder.assetcatalog; path = Assets.xcassets; sourceTree = "<group>"; };
		92F9044A27AEB43C00FEA979 /* Base */ = {isa = PBXFileReference; lastKnownFileType = file.storyboard; name = Base; path = Base.lproj/LaunchScreen.storyboard; sourceTree = "<group>"; };
		92F9044C27AEB43C00FEA979 /* Info.plist */ = {isa = PBXFileReference; lastKnownFileType = text.plist.xml; path = Info.plist; sourceTree = "<group>"; };
		92F9045127AEB43C00FEA979 /* AssignmentTagTests.xctest */ = {isa = PBXFileReference; explicitFileType = wrapper.cfbundle; includeInIndex = 0; path = AssignmentTagTests.xctest; sourceTree = BUILT_PRODUCTS_DIR; };
		92F9045527AEB43C00FEA979 /* AssignmentTagTests.swift */ = {isa = PBXFileReference; lastKnownFileType = sourcecode.swift; path = AssignmentTagTests.swift; sourceTree = "<group>"; };
		92F9045B27AEB43C00FEA979 /* AssignmentTagUITests.xctest */ = {isa = PBXFileReference; explicitFileType = wrapper.cfbundle; includeInIndex = 0; path = AssignmentTagUITests.xctest; sourceTree = BUILT_PRODUCTS_DIR; };
		92F9045F27AEB43C00FEA979 /* AssignmentTagUITests.swift */ = {isa = PBXFileReference; lastKnownFileType = sourcecode.swift; path = AssignmentTagUITests.swift; sourceTree = "<group>"; };
		92F9046127AEB43C00FEA979 /* AssignmentTagUITestsLaunchTests.swift */ = {isa = PBXFileReference; lastKnownFileType = sourcecode.swift; path = AssignmentTagUITestsLaunchTests.swift; sourceTree = "<group>"; };
		92F9047527AEBC0E00FEA979 /* UIButtonExtention.swift */ = {isa = PBXFileReference; lastKnownFileType = sourcecode.swift; path = UIButtonExtention.swift; sourceTree = "<group>"; };
		92F9047727AEBD7200FEA979 /* LoadingView.swift */ = {isa = PBXFileReference; lastKnownFileType = sourcecode.swift; path = LoadingView.swift; sourceTree = "<group>"; };
		92F9047A27AFB3A700FEA979 /* LoginViewModel.swift */ = {isa = PBXFileReference; lastKnownFileType = sourcecode.swift; path = LoginViewModel.swift; sourceTree = "<group>"; };
		92F9047E27AFBFB800FEA979 /* LoginViewController.swift */ = {isa = PBXFileReference; lastKnownFileType = sourcecode.swift; path = LoginViewController.swift; sourceTree = "<group>"; };
		92F9048427AFC0D200FEA979 /* CustomTextField.xib */ = {isa = PBXFileReference; fileEncoding = 4; lastKnownFileType = file.xib; path = CustomTextField.xib; sourceTree = "<group>"; };
		92F9048627AFC11F00FEA979 /* CustomTextField.swift */ = {isa = PBXFileReference; lastKnownFileType = sourcecode.swift; path = CustomTextField.swift; sourceTree = "<group>"; };
		92F9048827AFC1A900FEA979 /* Constants.swift */ = {isa = PBXFileReference; lastKnownFileType = sourcecode.swift; path = Constants.swift; sourceTree = "<group>"; };
		92F9048B27B00E0600FEA979 /* RegistrationViewController.swift */ = {isa = PBXFileReference; lastKnownFileType = sourcecode.swift; path = RegistrationViewController.swift; sourceTree = "<group>"; };
		92F9048F27B0D2F800FEA979 /* RegistrationViewModel.swift */ = {isa = PBXFileReference; lastKnownFileType = sourcecode.swift; path = RegistrationViewModel.swift; sourceTree = "<group>"; };
		92F9049127B0E6CF00FEA979 /* Envirnment.swift */ = {isa = PBXFileReference; lastKnownFileType = sourcecode.swift; path = Envirnment.swift; sourceTree = "<group>"; };
		92F9049727B1000100FEA979 /* APIManager.swift */ = {isa = PBXFileReference; lastKnownFileType = sourcecode.swift; path = APIManager.swift; sourceTree = "<group>"; };
		92F9049A27B1008800FEA979 /* NetworkManager.swift */ = {isa = PBXFileReference; lastKnownFileType = sourcecode.swift; path = NetworkManager.swift; sourceTree = "<group>"; };
		92F9049D27B100E300FEA979 /* EndPoints.swift */ = {isa = PBXFileReference; lastKnownFileType = sourcecode.swift; path = EndPoints.swift; sourceTree = "<group>"; };
		92F904A027B1012A00FEA979 /* APIResponse.swift */ = {isa = PBXFileReference; lastKnownFileType = sourcecode.swift; path = APIResponse.swift; sourceTree = "<group>"; };
		92F904A327B1015A00FEA979 /* HTTPTask.swift */ = {isa = PBXFileReference; lastKnownFileType = sourcecode.swift; path = HTTPTask.swift; sourceTree = "<group>"; };
		92F904A527B1017E00FEA979 /* HTTPMethod.swift */ = {isa = PBXFileReference; lastKnownFileType = sourcecode.swift; path = HTTPMethod.swift; sourceTree = "<group>"; };
		92F904A727B101B100FEA979 /* EndPointType.swift */ = {isa = PBXFileReference; lastKnownFileType = sourcecode.swift; path = EndPointType.swift; sourceTree = "<group>"; };
		92F904A927B1021200FEA979 /* ErrorViewModel.swift */ = {isa = PBXFileReference; lastKnownFileType = sourcecode.swift; path = ErrorViewModel.swift; sourceTree = "<group>"; };
		92F904AB27B1025400FEA979 /* Strings.swift */ = {isa = PBXFileReference; lastKnownFileType = sourcecode.swift; path = Strings.swift; sourceTree = "<group>"; };
/* End PBXFileReference section */

/* Begin PBXFrameworksBuildPhase section */
		92F9043827AEB43A00FEA979 /* Frameworks */ = {
			isa = PBXFrameworksBuildPhase;
			buildActionMask = 2147483647;
			files = (
			);
			runOnlyForDeploymentPostprocessing = 0;
		};
		92F9044E27AEB43C00FEA979 /* Frameworks */ = {
			isa = PBXFrameworksBuildPhase;
			buildActionMask = 2147483647;
			files = (
			);
			runOnlyForDeploymentPostprocessing = 0;
		};
		92F9045827AEB43C00FEA979 /* Frameworks */ = {
			isa = PBXFrameworksBuildPhase;
			buildActionMask = 2147483647;
			files = (
			);
			runOnlyForDeploymentPostprocessing = 0;
		};
/* End PBXFrameworksBuildPhase section */

/* Begin PBXGroup section */
		920AC4C70811427DFB43EADD /* Frameworks */ = {
			isa = PBXGroup;
			children = (
				929D438027B198A100648819 /* SwiftKeychainWrapper.framework */,
			);
			name = Frameworks;
			sourceTree = "<group>";
		};
		921F0D9F27B2683200943EF1 /* Dashboard */ = {
			isa = PBXGroup;
			children = (
				921F0DA027B2685200943EF1 /* DashboardViewController.swift */,
			);
			path = Dashboard;
			sourceTree = "<group>";
		};
		921F0DA427B2913800943EF1 /* Cell */ = {
			isa = PBXGroup;
			children = (
				921F0DA927B291A200943EF1 /* DashboardCell.xib */,
				921F0DAB27B2DACF00943EF1 /* DashboardCell.swift */,
			);
			path = Cell;
			sourceTree = "<group>";
		};
		921F0DAF27B3ED7E00943EF1 /* Controller */ = {
			isa = PBXGroup;
			children = (
				921F0DAD27B3BE3700943EF1 /* LoginViewControllerTests.swift */,
				921F0DB027B3EDAE00943EF1 /* RegistrationViewControllerTests.swift */,
				921F0DB227B3F77600943EF1 /* TransferViewControllerTests.swift */,
				921F0DB427B4D2EF00943EF1 /* DashboardViewControllerTests.swift */,
				921F0DB627B4E76300943EF1 /* DashboardCellTests.swift */,
				921F0DB827B4EA6800943EF1 /* UITextFieldExtensionTests.swift */,
			);
			path = Controller;
			sourceTree = "<group>";
		};
		92F59CAA27B17D57008E06A6 /* Transfer */ = {
			isa = PBXGroup;
			children = (
				92F59CAB27B17D84008E06A6 /* TransferViewController.swift */,
			);
			path = Transfer;
			sourceTree = "<group>";
		};
		92F9043227AEB43A00FEA979 = {
			isa = PBXGroup;
			children = (
				92F9043D27AEB43A00FEA979 /* AssignmentTag */,
				92F9045427AEB43C00FEA979 /* AssignmentTagTests */,
				92F9045E27AEB43C00FEA979 /* AssignmentTagUITests */,
				92F9043C27AEB43A00FEA979 /* Products */,
				DE854B4AC1A6D3811186B53E /* Pods */,
				920AC4C70811427DFB43EADD /* Frameworks */,
			);
			sourceTree = "<group>";
		};
		92F9043C27AEB43A00FEA979 /* Products */ = {
			isa = PBXGroup;
			children = (
				92F9043B27AEB43A00FEA979 /* AssignmentTag.app */,
				92F9045127AEB43C00FEA979 /* AssignmentTagTests.xctest */,
				92F9045B27AEB43C00FEA979 /* AssignmentTagUITests.xctest */,
			);
			name = Products;
			sourceTree = "<group>";
		};
		92F9043D27AEB43A00FEA979 /* AssignmentTag */ = {
			isa = PBXGroup;
			children = (
				92F9043E27AEB43A00FEA979 /* AppDelegate.swift */,
				92F9044027AEB43A00FEA979 /* SceneDelegate.swift */,
				921F0D9D27B19FD600943EF1 /* KeychainWrapper.swift */,
				92F9044427AEB43A00FEA979 /* Main.storyboard */,
				92F9049427B0F5E700FEA979 /* network */,
				92F9047927AFB36200FEA979 /* ViewModels */,
				92F9047127AEBAB800FEA979 /* Utility */,
				92F9046E27AEB72900FEA979 /* Controllers */,
				92F9044727AEB43C00FEA979 /* Assets.xcassets */,
				92F9044927AEB43C00FEA979 /* LaunchScreen.storyboard */,
				92F9044C27AEB43C00FEA979 /* Info.plist */,
			);
			path = AssignmentTag;
			sourceTree = "<group>";
		};
		92F9045427AEB43C00FEA979 /* AssignmentTagTests */ = {
			isa = PBXGroup;
			children = (
				92F9045527AEB43C00FEA979 /* AssignmentTagTests.swift */,
				921F0DAF27B3ED7E00943EF1 /* Controller */,
			);
			path = AssignmentTagTests;
			sourceTree = "<group>";
		};
		92F9045E27AEB43C00FEA979 /* AssignmentTagUITests */ = {
			isa = PBXGroup;
			children = (
				92F9045F27AEB43C00FEA979 /* AssignmentTagUITests.swift */,
				92F9046127AEB43C00FEA979 /* AssignmentTagUITestsLaunchTests.swift */,
			);
			path = AssignmentTagUITests;
			sourceTree = "<group>";
		};
		92F9046E27AEB72900FEA979 /* Controllers */ = {
			isa = PBXGroup;
			children = (
				921F0DA427B2913800943EF1 /* Cell */,
				921F0D9F27B2683200943EF1 /* Dashboard */,
				92F59CAA27B17D57008E06A6 /* Transfer */,
				92F9048A27B00DDF00FEA979 /* Registration */,
				92F9047227AEBB6B00FEA979 /* Login */,
			);
			path = Controllers;
			sourceTree = "<group>";
		};
		92F9047127AEBAB800FEA979 /* Utility */ = {
			isa = PBXGroup;
			children = (
				92F9047427AEBBE400FEA979 /* Extension */,
				92F9047327AEBB8300FEA979 /* CustomTextField */,
			);
			path = Utility;
			sourceTree = "<group>";
		};
		92F9047227AEBB6B00FEA979 /* Login */ = {
			isa = PBXGroup;
			children = (
				92F9047E27AFBFB800FEA979 /* LoginViewController.swift */,
			);
			path = Login;
			sourceTree = "<group>";
		};
		92F9047327AEBB8300FEA979 /* CustomTextField */ = {
			isa = PBXGroup;
			children = (
				92F9048427AFC0D200FEA979 /* CustomTextField.xib */,
				92F9048627AFC11F00FEA979 /* CustomTextField.swift */,
			);
			path = CustomTextField;
			sourceTree = "<group>";
		};
		92F9047427AEBBE400FEA979 /* Extension */ = {
			isa = PBXGroup;
			children = (
				92F9047527AEBC0E00FEA979 /* UIButtonExtention.swift */,
				92F9047727AEBD7200FEA979 /* LoadingView.swift */,
				92F9048827AFC1A900FEA979 /* Constants.swift */,
				92F9049127B0E6CF00FEA979 /* Envirnment.swift */,
				92F59CAD27B18280008E06A6 /* UITextFieldExtension.swift */,
			);
			path = Extension;
			sourceTree = "<group>";
		};
		92F9047927AFB36200FEA979 /* ViewModels */ = {
			isa = PBXGroup;
			children = (
				92F9047A27AFB3A700FEA979 /* LoginViewModel.swift */,
				92F9048F27B0D2F800FEA979 /* RegistrationViewModel.swift */,
				92F59CAF27B18885008E06A6 /* TransferViewModel.swift */,
				921F0DA227B2688100943EF1 /* DashboardViewModel.swift */,
			);
			path = ViewModels;
			sourceTree = "<group>";
		};
		92F9048A27B00DDF00FEA979 /* Registration */ = {
			isa = PBXGroup;
			children = (
				92F9048B27B00E0600FEA979 /* RegistrationViewController.swift */,
			);
			path = Registration;
			sourceTree = "<group>";
		};
		92F9049427B0F5E700FEA979 /* network */ = {
			isa = PBXGroup;
			children = (
				92F904A227B1014200FEA979 /* Service */,
				92F9049F27B1010C00FEA979 /* Response */,
				92F9049C27B100C100FEA979 /* EndPoints */,
				92F9049927B1000C00FEA979 /* APIManager */,
			);
			path = network;
			sourceTree = "<group>";
		};
		92F9049927B1000C00FEA979 /* APIManager */ = {
			isa = PBXGroup;
			children = (
				92F9049727B1000100FEA979 /* APIManager.swift */,
				92F9049A27B1008800FEA979 /* NetworkManager.swift */,
			);
			path = APIManager;
			sourceTree = "<group>";
		};
		92F9049C27B100C100FEA979 /* EndPoints */ = {
			isa = PBXGroup;
			children = (
				92F9049D27B100E300FEA979 /* EndPoints.swift */,
			);
			path = EndPoints;
			sourceTree = "<group>";
		};
		92F9049F27B1010C00FEA979 /* Response */ = {
			isa = PBXGroup;
			children = (
				92F904A027B1012A00FEA979 /* APIResponse.swift */,
			);
			path = Response;
			sourceTree = "<group>";
		};
		92F904A227B1014200FEA979 /* Service */ = {
			isa = PBXGroup;
			children = (
				92F904A327B1015A00FEA979 /* HTTPTask.swift */,
				92F904A527B1017E00FEA979 /* HTTPMethod.swift */,
				92F904A727B101B100FEA979 /* EndPointType.swift */,
				92F904A927B1021200FEA979 /* ErrorViewModel.swift */,
				92F904AB27B1025400FEA979 /* Strings.swift */,
			);
			path = Service;
			sourceTree = "<group>";
		};
		DE854B4AC1A6D3811186B53E /* Pods */ = {
			isa = PBXGroup;
			children = (
			);
			path = Pods;
			sourceTree = "<group>";
		};
/* End PBXGroup section */

/* Begin PBXNativeTarget section */
		92F9043A27AEB43A00FEA979 /* AssignmentTag */ = {
			isa = PBXNativeTarget;
			buildConfigurationList = 92F9046527AEB43C00FEA979 /* Build configuration list for PBXNativeTarget "AssignmentTag" */;
			buildPhases = (
				92F9043727AEB43A00FEA979 /* Sources */,
				92F9043827AEB43A00FEA979 /* Frameworks */,
				92F9043927AEB43A00FEA979 /* Resources */,
			);
			buildRules = (
			);
			dependencies = (
			);
			name = AssignmentTag;
			productName = AssignmentTag;
			productReference = 92F9043B27AEB43A00FEA979 /* AssignmentTag.app */;
			productType = "com.apple.product-type.application";
		};
		92F9045027AEB43C00FEA979 /* AssignmentTagTests */ = {
			isa = PBXNativeTarget;
			buildConfigurationList = 92F9046827AEB43C00FEA979 /* Build configuration list for PBXNativeTarget "AssignmentTagTests" */;
			buildPhases = (
				92F9044D27AEB43C00FEA979 /* Sources */,
				92F9044E27AEB43C00FEA979 /* Frameworks */,
				92F9044F27AEB43C00FEA979 /* Resources */,
			);
			buildRules = (
			);
			dependencies = (
				92F9045327AEB43C00FEA979 /* PBXTargetDependency */,
			);
			name = AssignmentTagTests;
			productName = AssignmentTagTests;
			productReference = 92F9045127AEB43C00FEA979 /* AssignmentTagTests.xctest */;
			productType = "com.apple.product-type.bundle.unit-test";
		};
		92F9045A27AEB43C00FEA979 /* AssignmentTagUITests */ = {
			isa = PBXNativeTarget;
			buildConfigurationList = 92F9046B27AEB43C00FEA979 /* Build configuration list for PBXNativeTarget "AssignmentTagUITests" */;
			buildPhases = (
				92F9045727AEB43C00FEA979 /* Sources */,
				92F9045827AEB43C00FEA979 /* Frameworks */,
				92F9045927AEB43C00FEA979 /* Resources */,
			);
			buildRules = (
			);
			dependencies = (
				92F9045D27AEB43C00FEA979 /* PBXTargetDependency */,
			);
			name = AssignmentTagUITests;
			productName = AssignmentTagUITests;
			productReference = 92F9045B27AEB43C00FEA979 /* AssignmentTagUITests.xctest */;
			productType = "com.apple.product-type.bundle.ui-testing";
		};
/* End PBXNativeTarget section */

/* Begin PBXProject section */
		92F9043327AEB43A00FEA979 /* Project object */ = {
			isa = PBXProject;
			attributes = {
				BuildIndependentTargetsInParallel = 1;
				LastSwiftUpdateCheck = 1320;
				LastUpgradeCheck = 1320;
				TargetAttributes = {
					92F9043A27AEB43A00FEA979 = {
						CreatedOnToolsVersion = 13.2.1;
					};
					92F9045027AEB43C00FEA979 = {
						CreatedOnToolsVersion = 13.2.1;
						TestTargetID = 92F9043A27AEB43A00FEA979;
					};
					92F9045A27AEB43C00FEA979 = {
						CreatedOnToolsVersion = 13.2.1;
						TestTargetID = 92F9043A27AEB43A00FEA979;
					};
				};
			};
			buildConfigurationList = 92F9043627AEB43A00FEA979 /* Build configuration list for PBXProject "AssignmentTag" */;
			compatibilityVersion = "Xcode 13.0";
			developmentRegion = en;
			hasScannedForEncodings = 0;
			knownRegions = (
				en,
				Base,
			);
			mainGroup = 92F9043227AEB43A00FEA979;
			productRefGroup = 92F9043C27AEB43A00FEA979 /* Products */;
			projectDirPath = "";
			projectRoot = "";
			targets = (
				92F9043A27AEB43A00FEA979 /* AssignmentTag */,
				92F9045027AEB43C00FEA979 /* AssignmentTagTests */,
				92F9045A27AEB43C00FEA979 /* AssignmentTagUITests */,
			);
		};
/* End PBXProject section */

/* Begin PBXResourcesBuildPhase section */
		92F9043927AEB43A00FEA979 /* Resources */ = {
			isa = PBXResourcesBuildPhase;
			buildActionMask = 2147483647;
			files = (
				92F9044B27AEB43C00FEA979 /* LaunchScreen.storyboard in Resources */,
				921F0DAA27B291A200943EF1 /* DashboardCell.xib in Resources */,
				92F9044827AEB43C00FEA979 /* Assets.xcassets in Resources */,
				92F9044627AEB43A00FEA979 /* Main.storyboard in Resources */,
				92F9048527AFC0D200FEA979 /* CustomTextField.xib in Resources */,
			);
			runOnlyForDeploymentPostprocessing = 0;
		};
		92F9044F27AEB43C00FEA979 /* Resources */ = {
			isa = PBXResourcesBuildPhase;
			buildActionMask = 2147483647;
			files = (
			);
			runOnlyForDeploymentPostprocessing = 0;
		};
		92F9045927AEB43C00FEA979 /* Resources */ = {
			isa = PBXResourcesBuildPhase;
			buildActionMask = 2147483647;
			files = (
			);
			runOnlyForDeploymentPostprocessing = 0;
		};
/* End PBXResourcesBuildPhase section */

/* Begin PBXSourcesBuildPhase section */
		92F9043727AEB43A00FEA979 /* Sources */ = {
			isa = PBXSourcesBuildPhase;
			buildActionMask = 2147483647;
			files = (
				92F9049827B1000100FEA979 /* APIManager.swift in Sources */,
				92F59CAC27B17D84008E06A6 /* TransferViewController.swift in Sources */,
				92F9043F27AEB43A00FEA979 /* AppDelegate.swift in Sources */,
				92F904AC27B1025400FEA979 /* Strings.swift in Sources */,
				92F904A827B101B100FEA979 /* EndPointType.swift in Sources */,
				92F59CAE27B18280008E06A6 /* UITextFieldExtension.swift in Sources */,
				92F9044127AEB43A00FEA979 /* SceneDelegate.swift in Sources */,
				92F9049B27B1008800FEA979 /* NetworkManager.swift in Sources */,
				92F9048C27B00E0600FEA979 /* RegistrationViewController.swift in Sources */,
				92F904AA27B1021200FEA979 /* ErrorViewModel.swift in Sources */,
				92F9047F27AFBFB800FEA979 /* LoginViewController.swift in Sources */,
				92F9048927AFC1A900FEA979 /* Constants.swift in Sources */,
				92F9049227B0E6CF00FEA979 /* Envirnment.swift in Sources */,
				92F904A127B1012A00FEA979 /* APIResponse.swift in Sources */,
				92F59CB027B18885008E06A6 /* TransferViewModel.swift in Sources */,
				92F9047627AEBC0E00FEA979 /* UIButtonExtention.swift in Sources */,
				92F9049027B0D2F800FEA979 /* RegistrationViewModel.swift in Sources */,
				921F0DA127B2685200943EF1 /* DashboardViewController.swift in Sources */,
				92F9049E27B100E300FEA979 /* EndPoints.swift in Sources */,
				92F904A627B1017E00FEA979 /* HTTPMethod.swift in Sources */,
				92F904A427B1015A00FEA979 /* HTTPTask.swift in Sources */,
				92F9047827AEBD7200FEA979 /* LoadingView.swift in Sources */,
				921F0D9E27B19FD600943EF1 /* KeychainWrapper.swift in Sources */,
				921F0DA327B2688100943EF1 /* DashboardViewModel.swift in Sources */,
				92F9047B27AFB3A700FEA979 /* LoginViewModel.swift in Sources */,
				921F0DAC27B2DACF00943EF1 /* DashboardCell.swift in Sources */,
				92F9048727AFC11F00FEA979 /* CustomTextField.swift in Sources */,
			);
			runOnlyForDeploymentPostprocessing = 0;
		};
		92F9044D27AEB43C00FEA979 /* Sources */ = {
			isa = PBXSourcesBuildPhase;
			buildActionMask = 2147483647;
			files = (
				921F0DAE27B3BE3700943EF1 /* LoginViewControllerTests.swift in Sources */,
				921F0DB927B4EA6800943EF1 /* UITextFieldExtensionTests.swift in Sources */,
				921F0DB327B3F77600943EF1 /* TransferViewControllerTests.swift in Sources */,
				921F0DB527B4D2EF00943EF1 /* DashboardViewControllerTests.swift in Sources */,
				92F9045627AEB43C00FEA979 /* AssignmentTagTests.swift in Sources */,
				921F0DB727B4E76300943EF1 /* DashboardCellTests.swift in Sources */,
				921F0DB127B3EDAE00943EF1 /* RegistrationViewControllerTests.swift in Sources */,
			);
			runOnlyForDeploymentPostprocessing = 0;
		};
		92F9045727AEB43C00FEA979 /* Sources */ = {
			isa = PBXSourcesBuildPhase;
			buildActionMask = 2147483647;
			files = (
				92F9046227AEB43C00FEA979 /* AssignmentTagUITestsLaunchTests.swift in Sources */,
				92F9046027AEB43C00FEA979 /* AssignmentTagUITests.swift in Sources */,
			);
			runOnlyForDeploymentPostprocessing = 0;
		};
/* End PBXSourcesBuildPhase section */

/* Begin PBXTargetDependency section */
		92F9045327AEB43C00FEA979 /* PBXTargetDependency */ = {
			isa = PBXTargetDependency;
			target = 92F9043A27AEB43A00FEA979 /* AssignmentTag */;
			targetProxy = 92F9045227AEB43C00FEA979 /* PBXContainerItemProxy */;
		};
		92F9045D27AEB43C00FEA979 /* PBXTargetDependency */ = {
			isa = PBXTargetDependency;
			target = 92F9043A27AEB43A00FEA979 /* AssignmentTag */;
			targetProxy = 92F9045C27AEB43C00FEA979 /* PBXContainerItemProxy */;
		};
/* End PBXTargetDependency section */

/* Begin PBXVariantGroup section */
		92F9044427AEB43A00FEA979 /* Main.storyboard */ = {
			isa = PBXVariantGroup;
			children = (
				92F9044527AEB43A00FEA979 /* Base */,
			);
			name = Main.storyboard;
			sourceTree = "<group>";
		};
		92F9044927AEB43C00FEA979 /* LaunchScreen.storyboard */ = {
			isa = PBXVariantGroup;
			children = (
				92F9044A27AEB43C00FEA979 /* Base */,
			);
			name = LaunchScreen.storyboard;
			sourceTree = "<group>";
		};
/* End PBXVariantGroup section */

/* Begin XCBuildConfiguration section */
		92F9046327AEB43C00FEA979 /* Debug */ = {
			isa = XCBuildConfiguration;
			buildSettings = {
				ALWAYS_SEARCH_USER_PATHS = NO;
				CLANG_ANALYZER_NONNULL = YES;
				CLANG_ANALYZER_NUMBER_OBJECT_CONVERSION = YES_AGGRESSIVE;
				CLANG_CXX_LANGUAGE_STANDARD = "gnu++17";
				CLANG_CXX_LIBRARY = "libc++";
				CLANG_ENABLE_MODULES = YES;
				CLANG_ENABLE_OBJC_ARC = YES;
				CLANG_ENABLE_OBJC_WEAK = YES;
				CLANG_WARN_BLOCK_CAPTURE_AUTORELEASING = YES;
				CLANG_WARN_BOOL_CONVERSION = YES;
				CLANG_WARN_COMMA = YES;
				CLANG_WARN_CONSTANT_CONVERSION = YES;
				CLANG_WARN_DEPRECATED_OBJC_IMPLEMENTATIONS = YES;
				CLANG_WARN_DIRECT_OBJC_ISA_USAGE = YES_ERROR;
				CLANG_WARN_DOCUMENTATION_COMMENTS = YES;
				CLANG_WARN_EMPTY_BODY = YES;
				CLANG_WARN_ENUM_CONVERSION = YES;
				CLANG_WARN_INFINITE_RECURSION = YES;
				CLANG_WARN_INT_CONVERSION = YES;
				CLANG_WARN_NON_LITERAL_NULL_CONVERSION = YES;
				CLANG_WARN_OBJC_IMPLICIT_RETAIN_SELF = YES;
				CLANG_WARN_OBJC_LITERAL_CONVERSION = YES;
				CLANG_WARN_OBJC_ROOT_CLASS = YES_ERROR;
				CLANG_WARN_QUOTED_INCLUDE_IN_FRAMEWORK_HEADER = YES;
				CLANG_WARN_RANGE_LOOP_ANALYSIS = YES;
				CLANG_WARN_STRICT_PROTOTYPES = YES;
				CLANG_WARN_SUSPICIOUS_MOVE = YES;
				CLANG_WARN_UNGUARDED_AVAILABILITY = YES_AGGRESSIVE;
				CLANG_WARN_UNREACHABLE_CODE = YES;
				CLANG_WARN__DUPLICATE_METHOD_MATCH = YES;
				COPY_PHASE_STRIP = NO;
				DEBUG_INFORMATION_FORMAT = dwarf;
				ENABLE_STRICT_OBJC_MSGSEND = YES;
				ENABLE_TESTABILITY = YES;
				GCC_C_LANGUAGE_STANDARD = gnu11;
				GCC_DYNAMIC_NO_PIC = NO;
				GCC_NO_COMMON_BLOCKS = YES;
				GCC_OPTIMIZATION_LEVEL = 0;
				GCC_PREPROCESSOR_DEFINITIONS = (
					"DEBUG=1",
					"$(inherited)",
				);
				GCC_WARN_64_TO_32_BIT_CONVERSION = YES;
				GCC_WARN_ABOUT_RETURN_TYPE = YES_ERROR;
				GCC_WARN_UNDECLARED_SELECTOR = YES;
				GCC_WARN_UNINITIALIZED_AUTOS = YES_AGGRESSIVE;
				GCC_WARN_UNUSED_FUNCTION = YES;
				GCC_WARN_UNUSED_VARIABLE = YES;
				IPHONEOS_DEPLOYMENT_TARGET = 15.2;
				MTL_ENABLE_DEBUG_INFO = INCLUDE_SOURCE;
				MTL_FAST_MATH = YES;
				ONLY_ACTIVE_ARCH = YES;
				SDKROOT = iphoneos;
				SWIFT_ACTIVE_COMPILATION_CONDITIONS = DEBUG;
				SWIFT_OPTIMIZATION_LEVEL = "-Onone";
			};
			name = Debug;
		};
		92F9046427AEB43C00FEA979 /* Release */ = {
			isa = XCBuildConfiguration;
			buildSettings = {
				ALWAYS_SEARCH_USER_PATHS = NO;
				CLANG_ANALYZER_NONNULL = YES;
				CLANG_ANALYZER_NUMBER_OBJECT_CONVERSION = YES_AGGRESSIVE;
				CLANG_CXX_LANGUAGE_STANDARD = "gnu++17";
				CLANG_CXX_LIBRARY = "libc++";
				CLANG_ENABLE_MODULES = YES;
				CLANG_ENABLE_OBJC_ARC = YES;
				CLANG_ENABLE_OBJC_WEAK = YES;
				CLANG_WARN_BLOCK_CAPTURE_AUTORELEASING = YES;
				CLANG_WARN_BOOL_CONVERSION = YES;
				CLANG_WARN_COMMA = YES;
				CLANG_WARN_CONSTANT_CONVERSION = YES;
				CLANG_WARN_DEPRECATED_OBJC_IMPLEMENTATIONS = YES;
				CLANG_WARN_DIRECT_OBJC_ISA_USAGE = YES_ERROR;
				CLANG_WARN_DOCUMENTATION_COMMENTS = YES;
				CLANG_WARN_EMPTY_BODY = YES;
				CLANG_WARN_ENUM_CONVERSION = YES;
				CLANG_WARN_INFINITE_RECURSION = YES;
				CLANG_WARN_INT_CONVERSION = YES;
				CLANG_WARN_NON_LITERAL_NULL_CONVERSION = YES;
				CLANG_WARN_OBJC_IMPLICIT_RETAIN_SELF = YES;
				CLANG_WARN_OBJC_LITERAL_CONVERSION = YES;
				CLANG_WARN_OBJC_ROOT_CLASS = YES_ERROR;
				CLANG_WARN_QUOTED_INCLUDE_IN_FRAMEWORK_HEADER = YES;
				CLANG_WARN_RANGE_LOOP_ANALYSIS = YES;
				CLANG_WARN_STRICT_PROTOTYPES = YES;
				CLANG_WARN_SUSPICIOUS_MOVE = YES;
				CLANG_WARN_UNGUARDED_AVAILABILITY = YES_AGGRESSIVE;
				CLANG_WARN_UNREACHABLE_CODE = YES;
				CLANG_WARN__DUPLICATE_METHOD_MATCH = YES;
				COPY_PHASE_STRIP = NO;
				DEBUG_INFORMATION_FORMAT = "dwarf-with-dsym";
				ENABLE_NS_ASSERTIONS = NO;
				ENABLE_STRICT_OBJC_MSGSEND = YES;
				GCC_C_LANGUAGE_STANDARD = gnu11;
				GCC_NO_COMMON_BLOCKS = YES;
				GCC_WARN_64_TO_32_BIT_CONVERSION = YES;
				GCC_WARN_ABOUT_RETURN_TYPE = YES_ERROR;
				GCC_WARN_UNDECLARED_SELECTOR = YES;
				GCC_WARN_UNINITIALIZED_AUTOS = YES_AGGRESSIVE;
				GCC_WARN_UNUSED_FUNCTION = YES;
				GCC_WARN_UNUSED_VARIABLE = YES;
				IPHONEOS_DEPLOYMENT_TARGET = 15.2;
				MTL_ENABLE_DEBUG_INFO = NO;
				MTL_FAST_MATH = YES;
				SDKROOT = iphoneos;
				SWIFT_COMPILATION_MODE = wholemodule;
				SWIFT_OPTIMIZATION_LEVEL = "-O";
				VALIDATE_PRODUCT = YES;
			};
			name = Release;
		};
		92F9046627AEB43C00FEA979 /* Debug */ = {
			isa = XCBuildConfiguration;
			buildSettings = {
				ASSETCATALOG_COMPILER_APPICON_NAME = AppIcon;
				ASSETCATALOG_COMPILER_GLOBAL_ACCENT_COLOR_NAME = AccentColor;
				CODE_SIGN_STYLE = Automatic;
				CURRENT_PROJECT_VERSION = 1;
				GENERATE_INFOPLIST_FILE = YES;
				INFOPLIST_FILE = AssignmentTag/Info.plist;
				INFOPLIST_KEY_UIApplicationSupportsIndirectInputEvents = YES;
				INFOPLIST_KEY_UILaunchStoryboardName = LaunchScreen;
				INFOPLIST_KEY_UIMainStoryboardFile = Main;
				INFOPLIST_KEY_UISupportedInterfaceOrientations_iPad = "UIInterfaceOrientationPortrait UIInterfaceOrientationPortraitUpsideDown UIInterfaceOrientationLandscapeLeft UIInterfaceOrientationLandscapeRight";
				INFOPLIST_KEY_UISupportedInterfaceOrientations_iPhone = "UIInterfaceOrientationPortrait UIInterfaceOrientationLandscapeLeft UIInterfaceOrientationLandscapeRight";
				LD_RUNPATH_SEARCH_PATHS = (
					"$(inherited)",
					"@executable_path/Frameworks",
				);
				MARKETING_VERSION = 1.0;
				PRODUCT_BUNDLE_IDENTIFIER = com.dummy.Assignment.AssignmentTag;
				PRODUCT_NAME = "$(TARGET_NAME)";
				SWIFT_EMIT_LOC_STRINGS = YES;
				SWIFT_VERSION = 5.0;
				TARGETED_DEVICE_FAMILY = "1,2";
			};
			name = Debug;
		};
		92F9046727AEB43C00FEA979 /* Release */ = {
			isa = XCBuildConfiguration;
			buildSettings = {
				ASSETCATALOG_COMPILER_APPICON_NAME = AppIcon;
				ASSETCATALOG_COMPILER_GLOBAL_ACCENT_COLOR_NAME = AccentColor;
				CODE_SIGN_STYLE = Automatic;
				CURRENT_PROJECT_VERSION = 1;
				GENERATE_INFOPLIST_FILE = YES;
				INFOPLIST_FILE = AssignmentTag/Info.plist;
				INFOPLIST_KEY_UIApplicationSupportsIndirectInputEvents = YES;
				INFOPLIST_KEY_UILaunchStoryboardName = LaunchScreen;
				INFOPLIST_KEY_UIMainStoryboardFile = Main;
				INFOPLIST_KEY_UISupportedInterfaceOrientations_iPad = "UIInterfaceOrientationPortrait UIInterfaceOrientationPortraitUpsideDown UIInterfaceOrientationLandscapeLeft UIInterfaceOrientationLandscapeRight";
				INFOPLIST_KEY_UISupportedInterfaceOrientations_iPhone = "UIInterfaceOrientationPortrait UIInterfaceOrientationLandscapeLeft UIInterfaceOrientationLandscapeRight";
				LD_RUNPATH_SEARCH_PATHS = (
					"$(inherited)",
					"@executable_path/Frameworks",
				);
				MARKETING_VERSION = 1.0;
				PRODUCT_BUNDLE_IDENTIFIER = com.dummy.Assignment.AssignmentTag;
				PRODUCT_NAME = "$(TARGET_NAME)";
				SWIFT_EMIT_LOC_STRINGS = YES;
				SWIFT_VERSION = 5.0;
				TARGETED_DEVICE_FAMILY = "1,2";
			};
			name = Release;
		};
		92F9046927AEB43C00FEA979 /* Debug */ = {
			isa = XCBuildConfiguration;
			buildSettings = {
				ALWAYS_EMBED_SWIFT_STANDARD_LIBRARIES = YES;
				BUNDLE_LOADER = "$(TEST_HOST)";
				CODE_SIGN_STYLE = Automatic;
				CURRENT_PROJECT_VERSION = 1;
				GENERATE_INFOPLIST_FILE = YES;
				IPHONEOS_DEPLOYMENT_TARGET = 15.2;
				MARKETING_VERSION = 1.0;
				PRODUCT_BUNDLE_IDENTIFIER = com.dummy.Assignment.AssignmentTagTests;
				PRODUCT_NAME = "$(TARGET_NAME)";
				SWIFT_EMIT_LOC_STRINGS = NO;
				SWIFT_VERSION = 5.0;
				TARGETED_DEVICE_FAMILY = "1,2";
				TEST_HOST = "$(BUILT_PRODUCTS_DIR)/AssignmentTag.app/AssignmentTag";
			};
			name = Debug;
		};
		92F9046A27AEB43C00FEA979 /* Release */ = {
			isa = XCBuildConfiguration;
			buildSettings = {
				ALWAYS_EMBED_SWIFT_STANDARD_LIBRARIES = YES;
				BUNDLE_LOADER = "$(TEST_HOST)";
				CODE_SIGN_STYLE = Automatic;
				CURRENT_PROJECT_VERSION = 1;
				GENERATE_INFOPLIST_FILE = YES;
				IPHONEOS_DEPLOYMENT_TARGET = 15.2;
				MARKETING_VERSION = 1.0;
				PRODUCT_BUNDLE_IDENTIFIER = com.dummy.Assignment.AssignmentTagTests;
				PRODUCT_NAME = "$(TARGET_NAME)";
				SWIFT_EMIT_LOC_STRINGS = NO;
				SWIFT_VERSION = 5.0;
				TARGETED_DEVICE_FAMILY = "1,2";
				TEST_HOST = "$(BUILT_PRODUCTS_DIR)/AssignmentTag.app/AssignmentTag";
			};
			name = Release;
		};
		92F9046C27AEB43C00FEA979 /* Debug */ = {
			isa = XCBuildConfiguration;
			buildSettings = {
				ALWAYS_EMBED_SWIFT_STANDARD_LIBRARIES = YES;
				CODE_SIGN_STYLE = Automatic;
				CURRENT_PROJECT_VERSION = 1;
				GENERATE_INFOPLIST_FILE = YES;
				MARKETING_VERSION = 1.0;
				PRODUCT_BUNDLE_IDENTIFIER = com.dummy.Assignment.AssignmentTagUITests;
				PRODUCT_NAME = "$(TARGET_NAME)";
				SWIFT_EMIT_LOC_STRINGS = NO;
				SWIFT_VERSION = 5.0;
				TARGETED_DEVICE_FAMILY = "1,2";
				TEST_TARGET_NAME = AssignmentTag;
			};
			name = Debug;
		};
		92F9046D27AEB43C00FEA979 /* Release */ = {
			isa = XCBuildConfiguration;
			buildSettings = {
				ALWAYS_EMBED_SWIFT_STANDARD_LIBRARIES = YES;
				CODE_SIGN_STYLE = Automatic;
				CURRENT_PROJECT_VERSION = 1;
				GENERATE_INFOPLIST_FILE = YES;
				MARKETING_VERSION = 1.0;
				PRODUCT_BUNDLE_IDENTIFIER = com.dummy.Assignment.AssignmentTagUITests;
				PRODUCT_NAME = "$(TARGET_NAME)";
				SWIFT_EMIT_LOC_STRINGS = NO;
				SWIFT_VERSION = 5.0;
				TARGETED_DEVICE_FAMILY = "1,2";
				TEST_TARGET_NAME = AssignmentTag;
			};
			name = Release;
		};
/* End XCBuildConfiguration section */

/* Begin XCConfigurationList section */
		92F9043627AEB43A00FEA979 /* Build configuration list for PBXProject "AssignmentTag" */ = {
			isa = XCConfigurationList;
			buildConfigurations = (
				92F9046327AEB43C00FEA979 /* Debug */,
				92F9046427AEB43C00FEA979 /* Release */,
			);
			defaultConfigurationIsVisible = 0;
			defaultConfigurationName = Release;
		};
		92F9046527AEB43C00FEA979 /* Build configuration list for PBXNativeTarget "AssignmentTag" */ = {
			isa = XCConfigurationList;
			buildConfigurations = (
				92F9046627AEB43C00FEA979 /* Debug */,
				92F9046727AEB43C00FEA979 /* Release */,
			);
			defaultConfigurationIsVisible = 0;
			defaultConfigurationName = Release;
		};
		92F9046827AEB43C00FEA979 /* Build configuration list for PBXNativeTarget "AssignmentTagTests" */ = {
			isa = XCConfigurationList;
			buildConfigurations = (
				92F9046927AEB43C00FEA979 /* Debug */,
				92F9046A27AEB43C00FEA979 /* Release */,
			);
			defaultConfigurationIsVisible = 0;
			defaultConfigurationName = Release;
		};
		92F9046B27AEB43C00FEA979 /* Build configuration list for PBXNativeTarget "AssignmentTagUITests" */ = {
			isa = XCConfigurationList;
			buildConfigurations = (
				92F9046C27AEB43C00FEA979 /* Debug */,
				92F9046D27AEB43C00FEA979 /* Release */,
			);
			defaultConfigurationIsVisible = 0;
			defaultConfigurationName = Release;
		};
/* End XCConfigurationList section */
	};
	rootObject = 92F9043327AEB43A00FEA979 /* Project object */;
}
